// !$*UTF8*$!
{
	archiveVersion = 1;
	classes = {
	};
	objectVersion = 46;
	objects = {

/* Begin PBXBuildFile section */
		D133A2D51BE6A8620074E5D6 /* TimerDate.swift in Sources */ = {isa = PBXBuildFile; fileRef = D133A2D41BE6A8620074E5D6 /* TimerDate.swift */; };
		D1A15E671BDD2792005CB741 /* AppDelegate.swift in Sources */ = {isa = PBXBuildFile; fileRef = D1A15E661BDD2792005CB741 /* AppDelegate.swift */; };
		D1A15E6B1BDD2792005CB741 /* Assets.xcassets in Resources */ = {isa = PBXBuildFile; fileRef = D1A15E6A1BDD2792005CB741 /* Assets.xcassets */; };
		D1A15E6E1BDD2792005CB741 /* Main.storyboard in Resources */ = {isa = PBXBuildFile; fileRef = D1A15E6C1BDD2792005CB741 /* Main.storyboard */; };
		D1A15E791BDD2792005CB741 /* TimerTests.swift in Sources */ = {isa = PBXBuildFile; fileRef = D1A15E781BDD2792005CB741 /* TimerTests.swift */; };
		D1A15E841BDD2C07005CB741 /* TimerViewController.swift in Sources */ = {isa = PBXBuildFile; fileRef = D1A15E831BDD2C07005CB741 /* TimerViewController.swift */; };
		D1F5487D1BDE8A2F0093EE82 /* ReportViewController.swift in Sources */ = {isa = PBXBuildFile; fileRef = D1F5487C1BDE8A2F0093EE82 /* ReportViewController.swift */; };
		D1F548811BDFCB500093EE82 /* Timer.swift in Sources */ = {isa = PBXBuildFile; fileRef = D1F548801BDFCB500093EE82 /* Timer.swift */; };
		D1F548891BE1092F0093EE82 /* Report.swift in Sources */ = {isa = PBXBuildFile; fileRef = D1F548881BE1092F0093EE82 /* Report.swift */; };
		D1F5488B1BE1AA110093EE82 /* TimeClock.swift in Sources */ = {isa = PBXBuildFile; fileRef = D1F5488A1BE1AA110093EE82 /* TimeClock.swift */; };
/* End PBXBuildFile section */

/* Begin PBXContainerItemProxy section */
		D1A15E751BDD2792005CB741 /* PBXContainerItemProxy */ = {
			isa = PBXContainerItemProxy;
			containerPortal = D1A15E5B1BDD2792005CB741 /* Project object */;
			proxyType = 1;
			remoteGlobalIDString = D1A15E621BDD2792005CB741;
			remoteInfo = Timer;
		};
/* End PBXContainerItemProxy section */

/* Begin PBXFileReference section */
		D133A2D41BE6A8620074E5D6 /* TimerDate.swift */ = {isa = PBXFileReference; fileEncoding = 4; lastKnownFileType = sourcecode.swift; path = TimerDate.swift; sourceTree = "<group>"; };
		D1A15E631BDD2792005CB741 /* Timer.app */ = {isa = PBXFileReference; explicitFileType = wrapper.application; includeInIndex = 0; path = Timer.app; sourceTree = BUILT_PRODUCTS_DIR; };
		D1A15E661BDD2792005CB741 /* AppDelegate.swift */ = {isa = PBXFileReference; lastKnownFileType = sourcecode.swift; path = AppDelegate.swift; sourceTree = "<group>"; };
		D1A15E6A1BDD2792005CB741 /* Assets.xcassets */ = {isa = PBXFileReference; lastKnownFileType = folder.assetcatalog; path = Assets.xcassets; sourceTree = "<group>"; };
		D1A15E6D1BDD2792005CB741 /* Base */ = {isa = PBXFileReference; lastKnownFileType = file.storyboard; name = Base; path = Base.lproj/Main.storyboard; sourceTree = "<group>"; };
		D1A15E6F1BDD2792005CB741 /* Info.plist */ = {isa = PBXFileReference; lastKnownFileType = text.plist.xml; path = Info.plist; sourceTree = "<group>"; };
		D1A15E741BDD2792005CB741 /* TimerTests.xctest */ = {isa = PBXFileReference; explicitFileType = wrapper.cfbundle; includeInIndex = 0; path = TimerTests.xctest; sourceTree = BUILT_PRODUCTS_DIR; };
		D1A15E781BDD2792005CB741 /* TimerTests.swift */ = {isa = PBXFileReference; lastKnownFileType = sourcecode.swift; path = TimerTests.swift; sourceTree = "<group>"; };
		D1A15E7A1BDD2792005CB741 /* Info.plist */ = {isa = PBXFileReference; lastKnownFileType = text.plist.xml; path = Info.plist; sourceTree = "<group>"; };
		D1A15E831BDD2C07005CB741 /* TimerViewController.swift */ = {isa = PBXFileReference; fileEncoding = 4; lastKnownFileType = sourcecode.swift; path = TimerViewController.swift; sourceTree = "<group>"; };
		D1F5487C1BDE8A2F0093EE82 /* ReportViewController.swift */ = {isa = PBXFileReference; fileEncoding = 4; lastKnownFileType = sourcecode.swift; path = ReportViewController.swift; sourceTree = "<group>"; };
		D1F548801BDFCB500093EE82 /* Timer.swift */ = {isa = PBXFileReference; fileEncoding = 4; lastKnownFileType = sourcecode.swift; path = Timer.swift; sourceTree = "<group>"; };
		D1F548881BE1092F0093EE82 /* Report.swift */ = {isa = PBXFileReference; fileEncoding = 4; lastKnownFileType = sourcecode.swift; path = Report.swift; sourceTree = "<group>"; };
		D1F5488A1BE1AA110093EE82 /* TimeClock.swift */ = {isa = PBXFileReference; fileEncoding = 4; lastKnownFileType = sourcecode.swift; path = TimeClock.swift; sourceTree = "<group>"; };
/* End PBXFileReference section */

/* Begin PBXFrameworksBuildPhase section */
		D1A15E601BDD2792005CB741 /* Frameworks */ = {
			isa = PBXFrameworksBuildPhase;
			buildActionMask = 2147483647;
			files = (
			);
			runOnlyForDeploymentPostprocessing = 0;
		};
		D1A15E711BDD2792005CB741 /* Frameworks */ = {
			isa = PBXFrameworksBuildPhase;
			buildActionMask = 2147483647;
			files = (
			);
			runOnlyForDeploymentPostprocessing = 0;
		};
/* End PBXFrameworksBuildPhase section */

/* Begin PBXGroup section */
		D1A15E5A1BDD2792005CB741 = {
			isa = PBXGroup;
			children = (
				D1A15E651BDD2792005CB741 /* Timer */,
				D1A15E771BDD2792005CB741 /* TimerTests */,
				D1A15E641BDD2792005CB741 /* Products */,
			);
			sourceTree = "<group>";
		};
		D1A15E641BDD2792005CB741 /* Products */ = {
			isa = PBXGroup;
			children = (
				D1A15E631BDD2792005CB741 /* Timer.app */,
				D1A15E741BDD2792005CB741 /* TimerTests.xctest */,
			);
			name = Products;
			sourceTree = "<group>";
		};
		D1A15E651BDD2792005CB741 /* Timer */ = {
			isa = PBXGroup;
			children = (
				D1A15E661BDD2792005CB741 /* AppDelegate.swift */,
				D1A15E831BDD2C07005CB741 /* TimerViewController.swift */,
				D133A2D41BE6A8620074E5D6 /* TimerDate.swift */,
				D1F5487C1BDE8A2F0093EE82 /* ReportViewController.swift */,
				D1F548801BDFCB500093EE82 /* Timer.swift */,
				D1F5488A1BE1AA110093EE82 /* TimeClock.swift */,
				D1F548881BE1092F0093EE82 /* Report.swift */,
				D1A15E6C1BDD2792005CB741 /* Main.storyboard */,
				D1A15E6A1BDD2792005CB741 /* Assets.xcassets */,
				D1A15E6F1BDD2792005CB741 /* Info.plist */,
			);
			path = Timer;
			sourceTree = "<group>";
		};
		D1A15E771BDD2792005CB741 /* TimerTests */ = {
			isa = PBXGroup;
			children = (
				D1A15E781BDD2792005CB741 /* TimerTests.swift */,
				D1A15E7A1BDD2792005CB741 /* Info.plist */,
			);
			path = TimerTests;
			sourceTree = "<group>";
		};
/* End PBXGroup section */

/* Begin PBXNativeTarget section */
		D1A15E621BDD2792005CB741 /* Timer */ = {
			isa = PBXNativeTarget;
			buildConfigurationList = D1A15E7D1BDD2792005CB741 /* Build configuration list for PBXNativeTarget "Timer" */;
			buildPhases = (
				D1A15E5F1BDD2792005CB741 /* Sources */,
				D1A15E601BDD2792005CB741 /* Frameworks */,
				D1A15E611BDD2792005CB741 /* Resources */,
			);
			buildRules = (
			);
			dependencies = (
			);
			name = Timer;
			productName = Timer;
			productReference = D1A15E631BDD2792005CB741 /* Timer.app */;
			productType = "com.apple.product-type.application";
		};
		D1A15E731BDD2792005CB741 /* TimerTests */ = {
			isa = PBXNativeTarget;
			buildConfigurationList = D1A15E801BDD2792005CB741 /* Build configuration list for PBXNativeTarget "TimerTests" */;
			buildPhases = (
				D1A15E701BDD2792005CB741 /* Sources */,
				D1A15E711BDD2792005CB741 /* Frameworks */,
				D1A15E721BDD2792005CB741 /* Resources */,
			);
			buildRules = (
			);
			dependencies = (
				D1A15E761BDD2792005CB741 /* PBXTargetDependency */,
			);
			name = TimerTests;
			productName = TimerTests;
			productReference = D1A15E741BDD2792005CB741 /* TimerTests.xctest */;
			productType = "com.apple.product-type.bundle.unit-test";
		};
/* End PBXNativeTarget section */

/* Begin PBXProject section */
		D1A15E5B1BDD2792005CB741 /* Project object */ = {
			isa = PBXProject;
			attributes = {
				LastSwiftUpdateCheck = 0710;
				LastUpgradeCheck = 0710;
				ORGANIZATIONNAME = "James N. Campbell";
				TargetAttributes = {
					D1A15E621BDD2792005CB741 = {
						CreatedOnToolsVersion = 7.1;
					};
					D1A15E731BDD2792005CB741 = {
						CreatedOnToolsVersion = 7.1;
						TestTargetID = D1A15E621BDD2792005CB741;
					};
				};
			};
			buildConfigurationList = D1A15E5E1BDD2792005CB741 /* Build configuration list for PBXProject "Timer" */;
			compatibilityVersion = "Xcode 3.2";
			developmentRegion = English;
			hasScannedForEncodings = 0;
			knownRegions = (
				en,
				Base,
			);
			mainGroup = D1A15E5A1BDD2792005CB741;
			productRefGroup = D1A15E641BDD2792005CB741 /* Products */;
			projectDirPath = "";
			projectRoot = "";
			targets = (
				D1A15E621BDD2792005CB741 /* Timer */,
				D1A15E731BDD2792005CB741 /* TimerTests */,
			);
		};
/* End PBXProject section */

/* Begin PBXResourcesBuildPhase section */
		D1A15E611BDD2792005CB741 /* Resources */ = {
			isa = PBXResourcesBuildPhase;
			buildActionMask = 2147483647;
			files = (
				D1A15E6B1BDD2792005CB741 /* Assets.xcassets in Resources */,
				D1A15E6E1BDD2792005CB741 /* Main.storyboard in Resources */,
			);
			runOnlyForDeploymentPostprocessing = 0;
		};
		D1A15E721BDD2792005CB741 /* Resources */ = {
			isa = PBXResourcesBuildPhase;
			buildActionMask = 2147483647;
			files = (
			);
			runOnlyForDeploymentPostprocessing = 0;
		};
/* End PBXResourcesBuildPhase section */

/* Begin PBXSourcesBuildPhase section */
		D1A15E5F1BDD2792005CB741 /* Sources */ = {
			isa = PBXSourcesBuildPhase;
			buildActionMask = 2147483647;
			files = (
				D1F5487D1BDE8A2F0093EE82 /* ReportViewController.swift in Sources */,
				D1F5488B1BE1AA110093EE82 /* TimeClock.swift in Sources */,
				D1F548891BE1092F0093EE82 /* Report.swift in Sources */,
				D1A15E841BDD2C07005CB741 /* TimerViewController.swift in Sources */,
				D1A15E671BDD2792005CB741 /* AppDelegate.swift in Sources */,
				D133A2D51BE6A8620074E5D6 /* TimerDate.swift in Sources */,
				D1F548811BDFCB500093EE82 /* Timer.swift in Sources */,
			);
			runOnlyForDeploymentPostprocessing = 0;
		};
		D1A15E701BDD2792005CB741 /* Sources */ = {
			isa = PBXSourcesBuildPhase;
			buildActionMask = 2147483647;
			files = (
				D1A15E791BDD2792005CB741 /* TimerTests.swift in Sources */,
			);
			runOnlyForDeploymentPostprocessing = 0;
		};
/* End PBXSourcesBuildPhase section */

/* Begin PBXTargetDependency section */
		D1A15E761BDD2792005CB741 /* PBXTargetDependency */ = {
			isa = PBXTargetDependency;
			target = D1A15E621BDD2792005CB741 /* Timer */;
			targetProxy = D1A15E751BDD2792005CB741 /* PBXContainerItemProxy */;
		};
/* End PBXTargetDependency section */

/* Begin PBXVariantGroup section */
		D1A15E6C1BDD2792005CB741 /* Main.storyboard */ = {
			isa = PBXVariantGroup;
			children = (
				D1A15E6D1BDD2792005CB741 /* Base */,
			);
			name = Main.storyboard;
			sourceTree = "<group>";
		};
/* End PBXVariantGroup section */

/* Begin XCBuildConfiguration section */
		D1A15E7B1BDD2792005CB741 /* Debug */ = {
			isa = XCBuildConfiguration;
			buildSettings = {
				ALWAYS_SEARCH_USER_PATHS = NO;
				CLANG_CXX_LANGUAGE_STANDARD = "gnu++0x";
				CLANG_CXX_LIBRARY = "libc++";
				CLANG_ENABLE_MODULES = YES;
				CLANG_ENABLE_OBJC_ARC = YES;
				CLANG_WARN_BOOL_CONVERSION = YES;
				CLANG_WARN_CONSTANT_CONVERSION = YES;
				CLANG_WARN_DIRECT_OBJC_ISA_USAGE = YES_ERROR;
				CLANG_WARN_EMPTY_BODY = YES;
				CLANG_WARN_ENUM_CONVERSION = YES;
				CLANG_WARN_INT_CONVERSION = YES;
				CLANG_WARN_OBJC_ROOT_CLASS = YES_ERROR;
				CLANG_WARN_UNREACHABLE_CODE = YES;
				CLANG_WARN__DUPLICATE_METHOD_MATCH = YES;
				CODE_SIGN_IDENTITY = "-";
				COPY_PHASE_STRIP = NO;
				DEBUG_INFORMATION_FORMAT = dwarf;
				ENABLE_STRICT_OBJC_MSGSEND = YES;
				ENABLE_TESTABILITY = YES;
				GCC_C_LANGUAGE_STANDARD = gnu99;
				GCC_DYNAMIC_NO_PIC = NO;
				GCC_NO_COMMON_BLOCKS = YES;
				GCC_OPTIMIZATION_LEVEL = 0;
				GCC_PREPROCESSOR_DEFINITIONS = (
					"DEBUG=1",
					"$(inherited)",
				);
				GCC_WARN_64_TO_32_BIT_CONVERSION = YES;
				GCC_WARN_ABOUT_RETURN_TYPE = YES_ERROR;
				GCC_WARN_UNDECLARED_SELECTOR = YES;
				GCC_WARN_UNINITIALIZED_AUTOS = YES_AGGRESSIVE;
				GCC_WARN_UNUSED_FUNCTION = YES;
				GCC_WARN_UNUSED_VARIABLE = YES;
				MACOSX_DEPLOYMENT_TARGET = 10.11;
				MTL_ENABLE_DEBUG_INFO = YES;
				ONLY_ACTIVE_ARCH = YES;
				SDKROOT = macosx;
				SWIFT_OPTIMIZATION_LEVEL = "-Onone";
			};
			name = Debug;
		};
		D1A15E7C1BDD2792005CB741 /* Release */ = {
			isa = XCBuildConfiguration;
			buildSettings = {
				ALWAYS_SEARCH_USER_PATHS = NO;
				CLANG_CXX_LANGUAGE_STANDARD = "gnu++0x";
				CLANG_CXX_LIBRARY = "libc++";
				CLANG_ENABLE_MODULES = YES;
				CLANG_ENABLE_OBJC_ARC = YES;
				CLANG_WARN_BOOL_CONVERSION = YES;
				CLANG_WARN_CONSTANT_CONVERSION = YES;
				CLANG_WARN_DIRECT_OBJC_ISA_USAGE = YES_ERROR;
				CLANG_WARN_EMPTY_BODY = YES;
				CLANG_WARN_ENUM_CONVERSION = YES;
				CLANG_WARN_INT_CONVERSION = YES;
				CLANG_WARN_OBJC_ROOT_CLASS = YES_ERROR;
				CLANG_WARN_UNREACHABLE_CODE = YES;
				CLANG_WARN__DUPLICATE_METHOD_MATCH = YES;
				CODE_SIGN_IDENTITY = "-";
				COPY_PHASE_STRIP = NO;
				DEBUG_INFORMATION_FORMAT = "dwarf-with-dsym";
				ENABLE_NS_ASSERTIONS = NO;
				ENABLE_STRICT_OBJC_MSGSEND = YES;
				GCC_C_LANGUAGE_STANDARD = gnu99;
				GCC_NO_COMMON_BLOCKS = YES;
				GCC_WARN_64_TO_32_BIT_CONVERSION = YES;
				GCC_WARN_ABOUT_RETURN_TYPE = YES_ERROR;
				GCC_WARN_UNDECLARED_SELECTOR = YES;
				GCC_WARN_UNINITIALIZED_AUTOS = YES_AGGRESSIVE;
				GCC_WARN_UNUSED_FUNCTION = YES;
				GCC_WARN_UNUSED_VARIABLE = YES;
				MACOSX_DEPLOYMENT_TARGET = 10.11;
				MTL_ENABLE_DEBUG_INFO = NO;
				SDKROOT = macosx;
			};
			name = Release;
		};
		D1A15E7E1BDD2792005CB741 /* Debug */ = {
			isa = XCBuildConfiguration;
			buildSettings = {
				ASSETCATALOG_COMPILER_APPICON_NAME = AppIcon;
				COMBINE_HIDPI_IMAGES = YES;
				INFOPLIST_FILE = Timer/Info.plist;
				LD_RUNPATH_SEARCH_PATHS = "$(inherited) @executable_path/../Frameworks";
				PRODUCT_BUNDLE_IDENTIFIER = edu.self.Timer;
				PRODUCT_NAME = "$(TARGET_NAME)";
			};
			name = Debug;
		};
		D1A15E7F1BDD2792005CB741 /* Release */ = {
			isa = XCBuildConfiguration;
			buildSettings = {
				ASSETCATALOG_COMPILER_APPICON_NAME = AppIcon;
				COMBINE_HIDPI_IMAGES = YES;
				INFOPLIST_FILE = Timer/Info.plist;
				LD_RUNPATH_SEARCH_PATHS = "$(inherited) @executable_path/../Frameworks";
				PRODUCT_BUNDLE_IDENTIFIER = edu.self.Timer;
				PRODUCT_NAME = "$(TARGET_NAME)";
			};
			name = Release;
		};
		D1A15E811BDD2792005CB741 /* Debug */ = {
			isa = XCBuildConfiguration;
			buildSettings = {
				BUNDLE_LOADER = "$(TEST_HOST)";
				COMBINE_HIDPI_IMAGES = YES;
				INFOPLIST_FILE = TimerTests/Info.plist;
				LD_RUNPATH_SEARCH_PATHS = "$(inherited) @executable_path/../Frameworks @loader_path/../Frameworks";
				PRODUCT_BUNDLE_IDENTIFIER = edu.self.TimerTests;
				PRODUCT_NAME = "$(TARGET_NAME)";
				TEST_HOST = "$(BUILT_PRODUCTS_DIR)/Timer.app/Contents/MacOS/Timer";
			};
			name = Debug;
		};
		D1A15E821BDD2792005CB741 /* Release */ = {
			isa = XCBuildConfiguration;
			buildSettings = {
				BUNDLE_LOADER = "$(TEST_HOST)";
				COMBINE_HIDPI_IMAGES = YES;
				INFOPLIST_FILE = TimerTests/Info.plist;
				LD_RUNPATH_SEARCH_PATHS = "$(inherited) @executable_path/../Frameworks @loader_path/../Frameworks";
				PRODUCT_BUNDLE_IDENTIFIER = edu.self.TimerTests;
				PRODUCT_NAME = "$(TARGET_NAME)";
				TEST_HOST = "$(BUILT_PRODUCTS_DIR)/Timer.app/Contents/MacOS/Timer";
			};
			name = Release;
		};
/* End XCBuildConfiguration section */

/* Begin XCConfigurationList section */
		D1A15E5E1BDD2792005CB741 /* Build configuration list for PBXProject "Timer" */ = {
			isa = XCConfigurationList;
			buildConfigurations = (
				D1A15E7B1BDD2792005CB741 /* Debug */,
				D1A15E7C1BDD2792005CB741 /* Release */,
			);
			defaultConfigurationIsVisible = 0;
			defaultConfigurationName = Release;
		};
		D1A15E7D1BDD2792005CB741 /* Build configuration list for PBXNativeTarget "Timer" */ = {
			isa = XCConfigurationList;
			buildConfigurations = (
				D1A15E7E1BDD2792005CB741 /* Debug */,
				D1A15E7F1BDD2792005CB741 /* Release */,
			);
			defaultConfigurationIsVisible = 0;
			defaultConfigurationName = Release;
		};
		D1A15E801BDD2792005CB741 /* Build configuration list for PBXNativeTarget "TimerTests" */ = {
			isa = XCConfigurationList;
			buildConfigurations = (
				D1A15E811BDD2792005CB741 /* Debug */,
				D1A15E821BDD2792005CB741 /* Release */,
			);
			defaultConfigurationIsVisible = 0;
			defaultConfigurationName = Release;
		};
/* End XCConfigurationList section */
	};
	rootObject = D1A15E5B1BDD2792005CB741 /* Project object */;
}
